#MicroXplorer Configuration settings - do not modify
CAD.formats=
CAD.pinconfig=
CAD.provider=
File.Version=6
GPIO.groupedBy=Group By Peripherals
I2C2.I2C_Mode=I2C_Fast
I2C2.IPParameters=I2C_Mode
I2C3.I2C_Mode=I2C_Fast
I2C3.IPParameters=I2C_Mode
KeepUserPlacement=false
Mcu.CPN=STM32F429IGT6
Mcu.Family=STM32F4
Mcu.IP0=I2C2
Mcu.IP1=I2C3
Mcu.IP2=NVIC
Mcu.IP3=RCC
Mcu.IP4=SPI1
Mcu.IP5=SPI2
Mcu.IP6=SPI3
Mcu.IP7=SYS
Mcu.IPNb=8
Mcu.Name=STM32F429I(E-G)Tx
Mcu.Package=LQFP176
Mcu.Pin0=PE2
Mcu.Pin1=PE3
Mcu.Pin10=PI10
Mcu.Pin11=PI11
Mcu.Pin12=PF0
Mcu.Pin13=PF1
Mcu.Pin14=PF2
Mcu.Pin15=PF6
Mcu.Pin16=PF8
Mcu.Pin17=PF10
Mcu.Pin18=PH0/OSC_IN
Mcu.Pin19=PH1/OSC_OUT
Mcu.Pin2=PE4
Mcu.Pin20=PC0
Mcu.Pin21=PC1
Mcu.Pin22=PA0/WKUP
Mcu.Pin23=PA1
Mcu.Pin24=PH4
Mcu.Pin25=PH5
Mcu.Pin26=PA5
Mcu.Pin27=PA6
Mcu.Pin28=PA7
Mcu.Pin29=PB11
Mcu.Pin3=PE5
Mcu.Pin30=PH6
Mcu.Pin31=PH7
Mcu.Pin32=PH8
Mcu.Pin33=PH9
Mcu.Pin34=PH10
Mcu.Pin35=PH11
Mcu.Pin36=PH12
Mcu.Pin37=PG2
Mcu.Pin38=PG3
Mcu.Pin39=PG4
Mcu.Pin4=PE6
Mcu.Pin40=PG5
Mcu.Pin41=PA13
Mcu.Pin42=PH14
Mcu.Pin43=PH15
Mcu.Pin44=PI1
Mcu.Pin45=PI2
Mcu.Pin46=PI3
Mcu.Pin47=PA14
Mcu.Pin48=PC10
Mcu.Pin49=PC11
Mcu.Pin5=PI8
Mcu.Pin50=PC12
Mcu.Pin51=PD2
Mcu.Pin52=PD3
Mcu.Pin53=PG13
Mcu.Pin54=PG14
Mcu.Pin55=PG15
Mcu.Pin56=PB3
Mcu.Pin57=PB4
Mcu.Pin58=PE0
Mcu.Pin59=PE1
Mcu.Pin6=PC13
Mcu.Pin60=PI4
Mcu.Pin61=PI5
Mcu.Pin62=PI6
Mcu.Pin63=PI7
Mcu.Pin64=VP_SYS_VS_Systick
Mcu.Pin7=PC14/OSC32_IN
Mcu.Pin8=PC15/OSC32_OUT
Mcu.Pin9=PI9
Mcu.PinsNb=65
Mcu.ThirdPartyNb=0
Mcu.UserConstants=
Mcu.UserName=STM32F429IGTx
MxCube.Version=6.12.1
MxDb.Version=DB.6.0.121
NVIC.BusFault_IRQn=true\:0\:0\:false\:false\:true\:false\:false\:false
NVIC.DebugMonitor_IRQn=true\:0\:0\:false\:false\:true\:false\:false\:false
NVIC.ForceEnableDMAVector=true
NVIC.HardFault_IRQn=true\:0\:0\:false\:false\:true\:false\:false\:false
NVIC.MemoryManagement_IRQn=true\:0\:0\:false\:false\:true\:false\:false\:false
NVIC.NonMaskableInt_IRQn=true\:0\:0\:false\:false\:true\:false\:false\:false
NVIC.PendSV_IRQn=true\:0\:0\:false\:false\:true\:false\:false\:false
NVIC.PriorityGroup=NVIC_PRIORITYGROUP_4
NVIC.SVCall_IRQn=true\:0\:0\:false\:false\:true\:false\:false\:false
NVIC.SysTick_IRQn=true\:15\:0\:false\:false\:true\:false\:true\:false
NVIC.UsageFault_IRQn=true\:0\:0\:false\:false\:true\:false\:false\:false
PA0/WKUP.GPIOParameters=GPIO_Speed,PinState,GPIO_PuPd,GPIO_Label
PA0/WKUP.GPIO_Label=CELL12_TEMP_01_LED
PA0/WKUP.GPIO_PuPd=GPIO_PULLDOWN
PA0/WKUP.GPIO_Speed=GPIO_SPEED_FREQ_VERY_HIGH
PA0/WKUP.Locked=true
PA0/WKUP.PinState=GPIO_PIN_SET
PA0/WKUP.Signal=GPIO_Output
PA1.GPIOParameters=GPIO_Speed
PA1.GPIO_Speed=GPIO_SPEED_FREQ_HIGH
PA1.Locked=true
PA1.Signal=GPIO_Output
PA13.Mode=Serial_Wire
PA13.Signal=SYS_JTMS-SWDIO
PA14.Mode=Serial_Wire
PA14.Signal=SYS_JTCK-SWCLK
PA5.Mode=Full_Duplex_Master
PA5.Signal=SPI1_SCK
PA6.Mode=Full_Duplex_Master
PA6.Signal=SPI1_MISO
PA7.Mode=Full_Duplex_Master
PA7.Signal=SPI1_MOSI
PB11.GPIOParameters=GPIO_Speed,PinState,GPIO_PuPd,GPIO_Label
PB11.GPIO_Label=CELL11_TEMP_03_CS
PB11.GPIO_PuPd=GPIO_PULLUP
PB11.GPIO_Speed=GPIO_SPEED_FREQ_VERY_HIGH
PB11.Locked=true
PB11.PinState=GPIO_PIN_SET
PB11.Signal=GPIO_Output
PB3.GPIOParameters=GPIO_Label
PB3.GPIO_Label=LED_03
PB3.Locked=true
PB3.Signal=GPIO_Output
PB4.GPIOParameters=GPIO_Label
PB4.GPIO_Label=LED_07
PB4.Locked=true
PB4.Signal=GPIO_Output
PC0.GPIOParameters=GPIO_Speed,PinState,GPIO_PuPd,GPIO_Label
PC0.GPIO_Label=CELL12_TEMP_02_LED
PC0.GPIO_PuPd=GPIO_PULLDOWN
PC0.GPIO_Speed=GPIO_SPEED_FREQ_VERY_HIGH
PC0.Locked=true
PC0.PinState=GPIO_PIN_SET
PC0.Signal=GPIO_Output
PC1.GPIOParameters=GPIO_Speed,PinState,GPIO_PuPd,GPIO_Label
PC1.GPIO_Label=CELL12_TEMP_01_CS
PC1.GPIO_PuPd=GPIO_PULLUP
PC1.GPIO_Speed=GPIO_SPEED_FREQ_VERY_HIGH
PC1.Locked=true
PC1.PinState=GPIO_PIN_SET
PC1.Signal=GPIO_Output
PC10.Mode=Full_Duplex_Master
PC10.Signal=SPI3_SCK
PC11.Mode=Full_Duplex_Master
PC11.Signal=SPI3_MISO
PC12.Mode=Full_Duplex_Master
PC12.Signal=SPI3_MOSI
PC13.GPIOParameters=GPIO_Label
PC13.GPIO_Label=CELL12_CS_07
PC13.Locked=true
PC13.Signal=GPIO_Output
PC14/OSC32_IN.Mode=LSE-External-Oscillator
PC14/OSC32_IN.Signal=RCC_OSC32_IN
PC15/OSC32_OUT.Mode=LSE-External-Oscillator
PC15/OSC32_OUT.Signal=RCC_OSC32_OUT
PD2.GPIOParameters=GPIO_Label
PD2.GPIO_Label=DISPLAY_CS
PD2.Locked=true
PD2.Signal=GPIO_Output
PD3.GPIOParameters=GPIO_Label
PD3.GPIO_Label=DISPLAY_CS
PD3.Locked=true
PD3.Signal=GPIO_Output
PE0.GPIOParameters=GPIO_Label
PE0.GPIO_Label=LED_06
PE0.Locked=true
PE0.Signal=GPIO_Output
PE1.GPIOParameters=GPIO_Label
PE1.GPIO_Label=LED_05
PE1.Locked=true
PE1.Signal=GPIO_Output
PE2.GPIOParameters=GPIO_Speed,PinState,GPIO_Label
PE2.GPIO_Label=CELL12_CS_01
PE2.GPIO_Speed=GPIO_SPEED_FREQ_HIGH
PE2.Locked=true
PE2.PinState=GPIO_PIN_SET
PE2.Signal=GPIO_Output
PE3.GPIOParameters=GPIO_Speed,GPIO_Label
PE3.GPIO_Label=CELL12_CS_02
PE3.GPIO_Speed=GPIO_SPEED_FREQ_HIGH
PE3.Locked=true
PE3.Signal=GPIO_Output
PE4.GPIOParameters=GPIO_Speed,GPIO_Label
PE4.GPIO_Label=CELL12_CS_03
PE4.GPIO_Speed=GPIO_SPEED_FREQ_HIGH
PE4.Locked=true
PE4.Signal=GPIO_Output
PE5.GPIOParameters=GPIO_Speed,GPIO_Label
PE5.GPIO_Label=CELL12_CS_04
PE5.GPIO_Speed=GPIO_SPEED_FREQ_HIGH
PE5.Locked=true
PE5.Signal=GPIO_Output
PE6.GPIOParameters=GPIO_Speed,GPIO_Label
PE6.GPIO_Label=CELL12_CS_05
PE6.GPIO_Speed=GPIO_SPEED_FREQ_HIGH
PE6.Locked=true
PE6.Signal=GPIO_Output
PF0.GPIOParameters=GPIO_Label
PF0.GPIO_Label=CELL12_CS_11
PF0.Locked=true
PF0.Signal=GPIO_Output
PF1.GPIOParameters=GPIO_Label
PF1.GPIO_Label=CELL12_CS_12
PF1.Locked=true
PF1.Signal=GPIO_Output
PF10.GPIOParameters=GPIO_Speed,PinState,GPIO_PuPd,GPIO_Label
PF10.GPIO_Label=CELL12_TEMP_02_CS
PF10.GPIO_PuPd=GPIO_PULLUP
PF10.GPIO_Speed=GPIO_SPEED_FREQ_VERY_HIGH
PF10.Locked=true
PF10.PinState=GPIO_PIN_SET
PF10.Signal=GPIO_Output
PF2.GPIOParameters=GPIO_Speed,PinState,GPIO_Label
PF2.GPIO_Label=GPIO_01
PF2.GPIO_Speed=GPIO_SPEED_FREQ_HIGH
PF2.Locked=true
PF2.PinState=GPIO_PIN_SET
PF2.Signal=GPIO_Output
PF6.GPIOParameters=GPIO_Speed,PinState,GPIO_PuPd,GPIO_Label
PF6.GPIO_Label=CELL12_TEMP_03_CS
PF6.GPIO_PuPd=GPIO_PULLUP
PF6.GPIO_Speed=GPIO_SPEED_FREQ_VERY_HIGH
PF6.Locked=true
PF6.PinState=GPIO_PIN_SET
PF6.Signal=GPIO_Output
PF8.GPIOParameters=GPIO_Speed,PinState,GPIO_PuPd,GPIO_Label
PF8.GPIO_Label=CELL12_TEMP_03_LED
PF8.GPIO_PuPd=GPIO_PULLDOWN
PF8.GPIO_Speed=GPIO_SPEED_FREQ_VERY_HIGH
PF8.Locked=true
PF8.PinState=GPIO_PIN_SET
PF8.Signal=GPIO_Output
PG13.GPIOParameters=GPIO_Label
PG13.GPIO_Label=LED_09
PG13.Locked=true
PG13.Signal=GPIO_Output
PG14.GPIOParameters=GPIO_Label
PG14.GPIO_Label=LED_04
PG14.Locked=true
PG14.Signal=GPIO_Output
PG15.GPIOParameters=GPIO_Label
PG15.GPIO_Label=LED_08
PG15.Locked=true
PG15.Signal=GPIO_Output
PG2.GPIOParameters=GPIO_Label
PG2.GPIO_Label=DISPLAY_IO_1
PG2.Locked=true
PG2.Signal=GPIO_Output
PG3.GPIOParameters=GPIO_Label
PG3.GPIO_Label=DISPLAY_IO_2
PG3.Locked=true
PG3.Signal=GPIO_Output
PG4.GPIOParameters=GPIO_Label
PG4.GPIO_Label=BACKLIGHT_1
PG4.Locked=true
PG4.Signal=GPIO_Output
PG5.GPIOParameters=GPIO_Label
PG5.GPIO_Label=BACKLIGHT_2
PG5.Locked=true
PG5.Signal=GPIO_Output
PH0/OSC_IN.Mode=HSE-External-Oscillator
PH0/OSC_IN.Signal=RCC_OSC_IN
PH1/OSC_OUT.Mode=HSE-External-Oscillator
PH1/OSC_OUT.Signal=RCC_OSC_OUT
PH10.GPIOParameters=GPIO_Speed,PinState,GPIO_PuPd,GPIO_Label
PH10.GPIO_Label=CELL11_TEMP_02_LED
PH10.GPIO_PuPd=GPIO_PULLDOWN
PH10.GPIO_Speed=GPIO_SPEED_FREQ_VERY_HIGH
PH10.Locked=true
PH10.PinState=GPIO_PIN_SET
PH10.Signal=GPIO_Output
PH11.GPIOParameters=GPIO_Speed,PinState,GPIO_PuPd,GPIO_Label
PH11.GPIO_Label=CELL11_TEMP_01_CS
PH11.GPIO_PuPd=GPIO_PULLUP
PH11.GPIO_Speed=GPIO_SPEED_FREQ_VERY_HIGH
PH11.Locked=true
PH11.PinState=GPIO_PIN_SET
PH11.Signal=GPIO_Output
PH12.GPIOParameters=GPIO_Speed,PinState,GPIO_PuPd,GPIO_Label
PH12.GPIO_Label=CELL11_TEMP_01_LED
PH12.GPIO_PuPd=GPIO_PULLDOWN
PH12.GPIO_Speed=GPIO_SPEED_FREQ_VERY_HIGH
PH12.Locked=true
PH12.PinState=GPIO_PIN_SET
PH12.Signal=GPIO_Output
PH14.GPIOParameters=GPIO_Label
PH14.GPIO_Label=LED_01
PH14.Locked=true
PH14.Signal=GPIO_Output
PH15.GPIOParameters=GPIO_Label
PH15.GPIO_Label=LED_02
PH15.Locked=true
PH15.Signal=GPIO_Output
PH4.Locked=true
PH4.Mode=I2C
PH4.Signal=I2C2_SCL
PH5.Locked=true
PH5.Mode=I2C
PH5.Signal=I2C2_SDA
PH6.GPIOParameters=GPIO_Speed,PinState,GPIO_PuPd,GPIO_Label
PH6.GPIO_Label=CELL11_TEMP_03_LED
PH6.GPIO_PuPd=GPIO_PULLDOWN
PH6.GPIO_Speed=GPIO_SPEED_FREQ_VERY_HIGH
PH6.Locked=true
PH6.PinState=GPIO_PIN_SET
PH6.Signal=GPIO_Output
PH7.Mode=I2C
PH7.Signal=I2C3_SCL
PH8.Mode=I2C
PH8.Signal=I2C3_SDA
PH9.GPIOParameters=GPIO_Speed,PinState,GPIO_PuPd,GPIO_Label
PH9.GPIO_Label=CELL11_TEMP_02_CS
PH9.GPIO_PuPd=GPIO_PULLUP
PH9.GPIO_Speed=GPIO_SPEED_FREQ_VERY_HIGH
PH9.Locked=true
PH9.PinState=GPIO_PIN_SET
PH9.Signal=GPIO_Output
PI1.Locked=true
PI1.Mode=Full_Duplex_Master
PI1.Signal=SPI2_SCK
PI10.GPIOParameters=GPIO_Speed,GPIO_Label
PI10.GPIO_Label=CELL12_CS_10
PI10.GPIO_Speed=GPIO_SPEED_FREQ_HIGH
PI10.Locked=true
PI10.Signal=GPIO_Output
PI11.GPIOParameters=GPIO_Speed,GPIO_Label
PI11.GPIO_Label=CELL12_CS_09
PI11.GPIO_Speed=GPIO_SPEED_FREQ_HIGH
PI11.Locked=true
PI11.Signal=GPIO_Output
PI2.Locked=true
PI2.Mode=Full_Duplex_Master
PI2.Signal=SPI2_MISO
PI3.Locked=true
PI3.Mode=Full_Duplex_Master
PI3.Signal=SPI2_MOSI
PI4.GPIOParameters=GPIO_Label
PI4.GPIO_Label=LED_DC_Y
PI4.Locked=true
PI4.Signal=GPIO_Output
PI5.GPIOParameters=GPIO_Label
PI5.GPIO_Label=LED_DC_G
PI5.Locked=true
PI5.Signal=GPIO_Output
PI6.GPIOParameters=GPIO_Label
PI6.GPIO_Label=LED_PC_Y
PI6.Locked=true
PI6.Signal=GPIO_Output
PI7.GPIOParameters=GPIO_Label
PI7.GPIO_Label=LED_PC_G
PI7.Locked=true
PI7.Signal=GPIO_Output
PI8.GPIOParameters=GPIO_Speed,GPIO_Label
PI8.GPIO_Label=CELL12_CS_06
PI8.GPIO_Speed=GPIO_SPEED_FREQ_LOW
PI8.Locked=true
PI8.Signal=GPIO_Output
PI9.GPIOParameters=GPIO_Speed,GPIO_Label
PI9.GPIO_Label=CELL12_CS_08
PI9.GPIO_Speed=GPIO_SPEED_FREQ_HIGH
PI9.Locked=true
PI9.Signal=GPIO_Output
PinOutPanel.RotationAngle=0
ProjectManager.AskForMigrate=true
ProjectManager.BackupPrevious=false
ProjectManager.CompilerOptimize=6
ProjectManager.ComputerToolchain=false
ProjectManager.CoupleFile=false
ProjectManager.CustomerFirmwarePackage=
ProjectManager.DefaultFWLocation=true
ProjectManager.DeletePrevious=true
ProjectManager.DeviceId=STM32F429IGTx
ProjectManager.FirmwarePackage=STM32Cube FW_F4 V1.28.1
ProjectManager.FreePins=false
ProjectManager.HalAssertFull=false
ProjectManager.HeapSize=0x200
ProjectManager.KeepUserCode=true
ProjectManager.LastFirmware=true
ProjectManager.LibraryCopy=1
ProjectManager.MainLocation=Core/Src
ProjectManager.NoMain=false
ProjectManager.PreviousToolchain=
ProjectManager.ProjectBuild=false
ProjectManager.ProjectFileName=BMS Tester - Cell Emulator.ioc
ProjectManager.ProjectName=BMS Tester - Cell Emulator
ProjectManager.ProjectStructure=
ProjectManager.RegisterCallBack=
ProjectManager.StackSize=0x400
ProjectManager.TargetToolchain=STM32CubeIDE
ProjectManager.ToolChainLocation=
ProjectManager.UAScriptAfterPath=
ProjectManager.UAScriptBeforePath=
ProjectManager.UnderRoot=true
ProjectManager.functionlistsort=1-SystemClock_Config-RCC-false-HAL-false,2-MX_GPIO_Init-GPIO-false-HAL-true,3-MX_SPI1_Init-SPI1-false-HAL-true,4-MX_SPI2_Init-SPI2-false-HAL-true,5-MX_I2C2_Init-I2C2-false-HAL-true,6-MX_I2C3_Init-I2C3-false-HAL-true,7-MX_SPI3_Init-SPI3-false-HAL-true
RCC.48MHZClocksFreq_Value=90000000
RCC.AHBFreq_Value=180000000
RCC.APB1CLKDivider=RCC_HCLK_DIV4
RCC.APB1Freq_Value=45000000
RCC.APB1TimFreq_Value=90000000
RCC.APB2CLKDivider=RCC_HCLK_DIV2
RCC.APB2Freq_Value=90000000
RCC.APB2TimFreq_Value=180000000
RCC.CortexFreq_Value=180000000
RCC.EthernetFreq_Value=180000000
RCC.FCLKCortexFreq_Value=180000000
RCC.FamilyName=M
RCC.HCLKFreq_Value=180000000
RCC.HSE_VALUE=25000000
RCC.HSI_VALUE=16000000
RCC.I2SClocksFreq_Value=160000000
RCC.IPParameters=48MHZClocksFreq_Value,AHBFreq_Value,APB1CLKDivider,APB1Freq_Value,APB1TimFreq_Value,APB2CLKDivider,APB2Freq_Value,APB2TimFreq_Value,CortexFreq_Value,EthernetFreq_Value,FCLKCortexFreq_Value,FamilyName,HCLKFreq_Value,HSE_VALUE,HSI_VALUE,I2SClocksFreq_Value,LCDTFTFreq_Value,LSI_VALUE,MCO2PinFreq_Value,PLLCLKFreq_Value,PLLM,PLLN,PLLQCLKFreq_Value,PLLSourceVirtual,RTCFreq_Value,RTCHSEDivFreq_Value,SAI_AClocksFreq_Value,SAI_BClocksFreq_Value,SYSCLKFreq_VALUE,SYSCLKSource,VCOI2SOutputFreq_Value,VCOInputFreq_Value,VCOOutputFreq_Value,VCOSAIOutputFreq_Value,VCOSAIOutputFreq_ValueQ,VCOSAIOutputFreq_ValueR,VcooutputI2S,VcooutputI2SQ
RCC.LCDTFTFreq_Value=20416666.666666668
RCC.LSI_VALUE=32000
RCC.MCO2PinFreq_Value=180000000
RCC.PLLCLKFreq_Value=180000000
RCC.PLLM=15
RCC.PLLN=216
RCC.PLLQCLKFreq_Value=90000000
RCC.PLLSourceVirtual=RCC_PLLSOURCE_HSE
RCC.RTCFreq_Value=32000
RCC.RTCHSEDivFreq_Value=12500000
RCC.SAI_AClocksFreq_Value=20416666.666666668
RCC.SAI_BClocksFreq_Value=20416666.666666668
RCC.SYSCLKFreq_VALUE=180000000
RCC.SYSCLKSource=RCC_SYSCLKSOURCE_PLLCLK
RCC.VCOI2SOutputFreq_Value=320000000
RCC.VCOInputFreq_Value=1666666.6666666667
RCC.VCOOutputFreq_Value=360000000
RCC.VCOSAIOutputFreq_Value=81666666.66666667
RCC.VCOSAIOutputFreq_ValueQ=20416666.666666668
RCC.VCOSAIOutputFreq_ValueR=40833333.333333336
RCC.VcooutputI2S=160000000
RCC.VcooutputI2SQ=160000000
SPI1.BaudRatePrescaler=SPI_BAUDRATEPRESCALER_16
SPI1.CLKPhase=SPI_PHASE_2EDGE
SPI1.CalculateBaudRate=5.625 MBits/s
SPI1.Direction=SPI_DIRECTION_2LINES
SPI1.IPParameters=VirtualType,Mode,Direction,CalculateBaudRate,BaudRatePrescaler,CLKPhase
SPI1.Mode=SPI_MODE_MASTER
SPI1.VirtualType=VM_MASTER
SPI2.BaudRatePrescaler=SPI_BAUDRATEPRESCALER_16
SPI2.CLKPhase=SPI_PHASE_2EDGE
SPI2.CalculateBaudRate=2.8125 MBits/s
SPI2.Direction=SPI_DIRECTION_2LINES
SPI2.IPParameters=VirtualType,Mode,Direction,CalculateBaudRate,BaudRatePrescaler,CLKPhase
SPI2.Mode=SPI_MODE_MASTER
SPI2.VirtualType=VM_MASTER
SPI3.BaudRatePrescaler=SPI_BAUDRATEPRESCALER_32
SPI3.CalculateBaudRate=1.40625 MBits/s
SPI3.Direction=SPI_DIRECTION_2LINES
SPI3.IPParameters=VirtualType,Mode,Direction,CalculateBaudRate,BaudRatePrescaler
SPI3.Mode=SPI_MODE_MASTER
SPI3.VirtualType=VM_MASTER
VP_SYS_VS_Systick.Mode=SysTick
VP_SYS_VS_Systick.Signal=SYS_VS_Systick
board=custom
isbadioc=false
