#MicroXplorer Configuration settings - do not modify
CAD.formats=
CAD.pinconfig=
CAD.provider=
File.Version=6
KeepUserPlacement=false
Mcu.CPN=STM32F429IGT6
Mcu.Family=STM32F4
Mcu.IP0=NVIC
Mcu.IP1=RCC
Mcu.IP2=SPI1
Mcu.IP3=SYS
Mcu.IPNb=4
Mcu.Name=STM32F429I(E-G)Tx
Mcu.Package=LQFP176
Mcu.Pin0=PF6
Mcu.Pin1=PF8
Mcu.Pin10=PH6
Mcu.Pin11=PH9
Mcu.Pin12=PH10
Mcu.Pin13=PH11
Mcu.Pin14=PH12
Mcu.Pin15=PA13
Mcu.Pin16=PH14
Mcu.Pin17=PH15
Mcu.Pin18=PA14
Mcu.Pin19=PG13
Mcu.Pin2=PF10
Mcu.Pin20=PG14
Mcu.Pin21=PG15
Mcu.Pin22=PB3
Mcu.Pin23=PB4
Mcu.Pin24=PE0
Mcu.Pin25=PE1
Mcu.Pin26=PI4
Mcu.Pin27=PI5
Mcu.Pin28=PI6
Mcu.Pin29=PI7
Mcu.Pin3=PC0
Mcu.Pin30=VP_SYS_VS_Systick
Mcu.Pin4=PC1
Mcu.Pin5=PA0/WKUP
Mcu.Pin6=PA5
Mcu.Pin7=PA6
Mcu.Pin8=PA7
Mcu.Pin9=PB11
Mcu.PinsNb=31
Mcu.ThirdPartyNb=0
Mcu.UserConstants=
Mcu.UserName=STM32F429IGTx
MxCube.Version=6.12.1
MxDb.Version=DB.6.0.121
NVIC.BusFault_IRQn=true\:0\:0\:false\:false\:true\:false\:false\:false
NVIC.DebugMonitor_IRQn=true\:0\:0\:false\:false\:true\:false\:false\:false
NVIC.ForceEnableDMAVector=true
NVIC.HardFault_IRQn=true\:0\:0\:false\:false\:true\:false\:false\:false
NVIC.MemoryManagement_IRQn=true\:0\:0\:false\:false\:true\:false\:false\:false
NVIC.NonMaskableInt_IRQn=true\:0\:0\:false\:false\:true\:false\:false\:false
NVIC.PendSV_IRQn=true\:0\:0\:false\:false\:true\:false\:false\:false
NVIC.PriorityGroup=NVIC_PRIORITYGROUP_4
NVIC.SVCall_IRQn=true\:0\:0\:false\:false\:true\:false\:false\:false
NVIC.SysTick_IRQn=true\:15\:0\:false\:false\:true\:false\:true\:false
NVIC.UsageFault_IRQn=true\:0\:0\:false\:false\:true\:false\:false\:false
PA0/WKUP.GPIOParameters=GPIO_Speed,PinState,GPIO_PuPd,GPIO_Label
PA0/WKUP.GPIO_Label=CELL12_TEMP_01_LED
PA0/WKUP.GPIO_PuPd=GPIO_PULLDOWN
PA0/WKUP.GPIO_Speed=GPIO_SPEED_FREQ_VERY_HIGH
PA0/WKUP.Locked=true
PA0/WKUP.PinState=GPIO_PIN_SET
PA0/WKUP.Signal=GPIO_Output
PA13.Mode=Serial_Wire
PA13.Signal=SYS_JTMS-SWDIO
PA14.Mode=Serial_Wire
PA14.Signal=SYS_JTCK-SWCLK
PA5.Mode=Full_Duplex_Master
PA5.Signal=SPI1_SCK
PA6.Mode=Full_Duplex_Master
PA6.Signal=SPI1_MISO
PA7.Mode=Full_Duplex_Master
PA7.Signal=SPI1_MOSI
PB11.GPIOParameters=GPIO_Speed,PinState,GPIO_PuPd,GPIO_Label
PB11.GPIO_Label=CELL11_TEMP_03_CS
PB11.GPIO_PuPd=GPIO_PULLUP
PB11.GPIO_Speed=GPIO_SPEED_FREQ_VERY_HIGH
PB11.Locked=true
PB11.PinState=GPIO_PIN_SET
PB11.Signal=GPIO_Output
PB3.GPIOParameters=GPIO_Label
PB3.GPIO_Label=LED_03
PB3.Locked=true
PB3.Signal=GPIO_Output
PB4.GPIOParameters=GPIO_Label
PB4.GPIO_Label=LED_07
PB4.Locked=true
PB4.Signal=GPIO_Output
PC0.GPIOParameters=GPIO_Speed,PinState,GPIO_PuPd,GPIO_Label
PC0.GPIO_Label=CELL12_TEMP_02_LED
PC0.GPIO_PuPd=GPIO_PULLDOWN
PC0.GPIO_Speed=GPIO_SPEED_FREQ_VERY_HIGH
PC0.Locked=true
PC0.PinState=GPIO_PIN_SET
PC0.Signal=GPIO_Output
PC1.GPIOParameters=GPIO_Speed,PinState,GPIO_PuPd,GPIO_Label
PC1.GPIO_Label=CELL12_TEMP_01_CS
PC1.GPIO_PuPd=GPIO_PULLUP
PC1.GPIO_Speed=GPIO_SPEED_FREQ_VERY_HIGH
PC1.Locked=true
PC1.PinState=GPIO_PIN_SET
PC1.Signal=GPIO_Output
PE0.GPIOParameters=GPIO_Label
PE0.GPIO_Label=LED_06
PE0.Locked=true
PE0.Signal=GPIO_Output
PE1.GPIOParameters=GPIO_Label
PE1.GPIO_Label=LED_05
PE1.Locked=true
PE1.Signal=GPIO_Output
PF10.GPIOParameters=GPIO_Speed,PinState,GPIO_PuPd,GPIO_Label
PF10.GPIO_Label=CELL12_TEMP_02_CS
PF10.GPIO_PuPd=GPIO_PULLUP
PF10.GPIO_Speed=GPIO_SPEED_FREQ_VERY_HIGH
PF10.Locked=true
PF10.PinState=GPIO_PIN_SET
PF10.Signal=GPIO_Output
PF6.GPIOParameters=GPIO_Speed,PinState,GPIO_PuPd,GPIO_Label
PF6.GPIO_Label=CELL12_TEMP_03_CS
PF6.GPIO_PuPd=GPIO_PULLUP
PF6.GPIO_Speed=GPIO_SPEED_FREQ_VERY_HIGH
PF6.Locked=true
PF6.PinState=GPIO_PIN_SET
PF6.Signal=GPIO_Output
PF8.GPIOParameters=GPIO_Speed,PinState,GPIO_PuPd,GPIO_Label
PF8.GPIO_Label=CELL12_TEMP_03_LED
PF8.GPIO_PuPd=GPIO_PULLDOWN
PF8.GPIO_Speed=GPIO_SPEED_FREQ_VERY_HIGH
PF8.Locked=true
PF8.PinState=GPIO_PIN_SET
PF8.Signal=GPIO_Output
PG13.GPIOParameters=GPIO_Label
PG13.GPIO_Label=LED_09
PG13.Locked=true
PG13.Signal=GPIO_Output
PG14.GPIOParameters=GPIO_Label
PG14.GPIO_Label=LED_04
PG14.Locked=true
PG14.Signal=GPIO_Output
PG15.GPIOParameters=GPIO_Label
PG15.GPIO_Label=LED_08
PG15.Locked=true
PG15.Signal=GPIO_Output
PH10.GPIOParameters=GPIO_Speed,PinState,GPIO_PuPd,GPIO_Label
PH10.GPIO_Label=CELL11_TEMP_02_LED
PH10.GPIO_PuPd=GPIO_PULLDOWN
PH10.GPIO_Speed=GPIO_SPEED_FREQ_VERY_HIGH
PH10.Locked=true
PH10.PinState=GPIO_PIN_SET
PH10.Signal=GPIO_Output
PH11.GPIOParameters=GPIO_Speed,PinState,GPIO_PuPd,GPIO_Label
PH11.GPIO_Label=CELL11_TEMP_01_CS
PH11.GPIO_PuPd=GPIO_PULLUP
PH11.GPIO_Speed=GPIO_SPEED_FREQ_VERY_HIGH
PH11.Locked=true
PH11.PinState=GPIO_PIN_SET
PH11.Signal=GPIO_Output
PH12.GPIOParameters=GPIO_Speed,PinState,GPIO_PuPd,GPIO_Label
PH12.GPIO_Label=CELL11_TEMP_01_LED
PH12.GPIO_PuPd=GPIO_PULLDOWN
PH12.GPIO_Speed=GPIO_SPEED_FREQ_VERY_HIGH
PH12.Locked=true
PH12.PinState=GPIO_PIN_SET
PH12.Signal=GPIO_Output
PH14.GPIOParameters=GPIO_Label
PH14.GPIO_Label=LED_01
PH14.Locked=true
PH14.Signal=GPIO_Output
PH15.GPIOParameters=GPIO_Label
PH15.GPIO_Label=LED_02
PH15.Locked=true
PH15.Signal=GPIO_Output
PH6.GPIOParameters=GPIO_Speed,PinState,GPIO_PuPd,GPIO_Label
PH6.GPIO_Label=CELL11_TEMP_03_LED
PH6.GPIO_PuPd=GPIO_PULLDOWN
PH6.GPIO_Speed=GPIO_SPEED_FREQ_VERY_HIGH
PH6.Locked=true
PH6.PinState=GPIO_PIN_SET
PH6.Signal=GPIO_Output
PH9.GPIOParameters=GPIO_Speed,PinState,GPIO_PuPd,GPIO_Label
PH9.GPIO_Label=CELL11_TEMP_02_CS
PH9.GPIO_PuPd=GPIO_PULLUP
PH9.GPIO_Speed=GPIO_SPEED_FREQ_VERY_HIGH
PH9.Locked=true
PH9.PinState=GPIO_PIN_SET
PH9.Signal=GPIO_Output
PI4.GPIOParameters=GPIO_Label
PI4.GPIO_Label=LED_DC_Y
PI4.Locked=true
PI4.Signal=GPIO_Output
PI5.GPIOParameters=GPIO_Label
PI5.GPIO_Label=LED_DC_G
PI5.Locked=true
PI5.Signal=GPIO_Output
PI6.GPIOParameters=GPIO_Label
PI6.GPIO_Label=LED_PC_Y
PI6.Locked=true
PI6.Signal=GPIO_Output
PI7.GPIOParameters=GPIO_Label
PI7.GPIO_Label=LED_PC_G
PI7.Locked=true
PI7.Signal=GPIO_Output
PinOutPanel.RotationAngle=0
ProjectManager.AskForMigrate=true
ProjectManager.BackupPrevious=false
ProjectManager.CompilerOptimize=6
ProjectManager.ComputerToolchain=false
ProjectManager.CoupleFile=false
ProjectManager.CustomerFirmwarePackage=
ProjectManager.DefaultFWLocation=true
ProjectManager.DeletePrevious=true
ProjectManager.DeviceId=STM32F429IGTx
ProjectManager.FirmwarePackage=STM32Cube FW_F4 V1.28.1
ProjectManager.FreePins=false
ProjectManager.HalAssertFull=false
ProjectManager.HeapSize=0x200
ProjectManager.KeepUserCode=true
ProjectManager.LastFirmware=true
ProjectManager.LibraryCopy=1
ProjectManager.MainLocation=Core/Src
ProjectManager.NoMain=false
ProjectManager.PreviousToolchain=
ProjectManager.ProjectBuild=false
ProjectManager.ProjectFileName=BMS Tester - Cell Emulator.ioc
ProjectManager.ProjectName=BMS Tester - Cell Emulator
ProjectManager.ProjectStructure=
ProjectManager.RegisterCallBack=
ProjectManager.StackSize=0x400
ProjectManager.TargetToolchain=STM32CubeIDE
ProjectManager.ToolChainLocation=
ProjectManager.UAScriptAfterPath=
ProjectManager.UAScriptBeforePath=
ProjectManager.UnderRoot=true
ProjectManager.functionlistsort=1-SystemClock_Config-RCC-false-HAL-false,2-MX_GPIO_Init-GPIO-false-HAL-true,3-MX_SPI1_Init-SPI1-false-HAL-true
RCC.AHBFreq_Value=16000000
RCC.APB1Freq_Value=16000000
RCC.APB2Freq_Value=16000000
RCC.CortexFreq_Value=16000000
RCC.FamilyName=M
RCC.HSE_VALUE=25000000
RCC.HSI_VALUE=16000000
RCC.I2SClocksFreq_Value=96000000
RCC.IPParameters=AHBFreq_Value,APB1Freq_Value,APB2Freq_Value,CortexFreq_Value,FamilyName,HSE_VALUE,HSI_VALUE,I2SClocksFreq_Value,LSE_VALUE,LSI_VALUE,PLLCLKFreq_Value,PLLQCLKFreq_Value,RTCFreq_Value,RTCHSEDivFreq_Value,SYSCLKFreq_VALUE,VCOI2SOutputFreq_Value,VCOInputFreq_Value,VCOOutputFreq_Value,VCOSAIOutputFreq_Value,VCOSAIOutputFreq_ValueQ,VCOSAIOutputFreq_ValueR,VcooutputI2S,VcooutputI2SQ
RCC.LSE_VALUE=32768
RCC.LSI_VALUE=32000
RCC.PLLCLKFreq_Value=96000000
RCC.PLLQCLKFreq_Value=48000000
RCC.RTCFreq_Value=32000
RCC.RTCHSEDivFreq_Value=12500000
RCC.SYSCLKFreq_VALUE=16000000
RCC.VCOI2SOutputFreq_Value=192000000
RCC.VCOInputFreq_Value=1000000
RCC.VCOOutputFreq_Value=192000000
RCC.VCOSAIOutputFreq_Value=49000000
RCC.VCOSAIOutputFreq_ValueQ=12250000
RCC.VCOSAIOutputFreq_ValueR=24500000
RCC.VcooutputI2S=96000000
RCC.VcooutputI2SQ=96000000
SPI1.BaudRatePrescaler=SPI_BAUDRATEPRESCALER_16
SPI1.CLKPhase=SPI_PHASE_2EDGE
SPI1.CalculateBaudRate=1000.0 KBits/s
SPI1.Direction=SPI_DIRECTION_2LINES
SPI1.IPParameters=VirtualType,Mode,Direction,CalculateBaudRate,BaudRatePrescaler,CLKPhase
SPI1.Mode=SPI_MODE_MASTER
SPI1.VirtualType=VM_MASTER
VP_SYS_VS_Systick.Mode=SysTick
VP_SYS_VS_Systick.Signal=SYS_VS_Systick
board=custom
isbadioc=false
