#MicroXplorer Configuration settings - do not modify
CAD.formats=
CAD.pinconfig=
CAD.provider=
CAN1.BS1=CAN_BS1_13TQ
CAN1.BS2=CAN_BS2_4TQ
CAN1.CalculateBaudRate=106666
CAN1.CalculateTimeBit=9375
CAN1.CalculateTimeQuantum=520.8333333333334
CAN1.IPParameters=CalculateTimeQuantum,CalculateTimeBit,CalculateBaudRate,BS1,Prescaler,BS2
CAN1.Prescaler=10
CAN2.CalculateBaudRate=400000
CAN2.CalculateTimeBit=2500
CAN2.CalculateTimeQuantum=833.3333333333334
CAN2.IPParameters=CalculateTimeQuantum,CalculateTimeBit,CalculateBaudRate
FATFS.IPParameters=_MAX_SS
FATFS._MAX_SS=4096
File.Version=6
GPIO.groupedBy=Group By Peripherals
I2C2.I2C_Mode=I2C_Fast
I2C2.IPParameters=I2C_Mode
I2C3.I2C_Mode=I2C_Fast
I2C3.IPParameters=I2C_Mode
KeepUserPlacement=false
Mcu.CPN=STM32F429IGT6
Mcu.Family=STM32F4
Mcu.IP0=CAN1
Mcu.IP1=CAN2
Mcu.IP10=SPI3
Mcu.IP11=SPI4
Mcu.IP12=SYS
Mcu.IP13=USART1
Mcu.IP14=USART2
Mcu.IP15=USART3
Mcu.IP16=USART6
Mcu.IP2=FATFS
Mcu.IP3=I2C1
Mcu.IP4=I2C2
Mcu.IP5=I2C3
Mcu.IP6=NVIC
Mcu.IP7=RCC
Mcu.IP8=SPI1
Mcu.IP9=SPI2
Mcu.IPNb=17
Mcu.Name=STM32F429I(E-G)Tx
Mcu.Package=LQFP176
Mcu.Pin0=PE2
Mcu.Pin1=PE3
Mcu.Pin10=PI10
Mcu.Pin100=PD3
Mcu.Pin101=PD4
Mcu.Pin102=PD5
Mcu.Pin103=PD6
Mcu.Pin104=PD7
Mcu.Pin105=PG9
Mcu.Pin106=PG10
Mcu.Pin107=PG11
Mcu.Pin108=PG12
Mcu.Pin109=PG13
Mcu.Pin11=PI11
Mcu.Pin110=PG14
Mcu.Pin111=PG15
Mcu.Pin112=PB3
Mcu.Pin113=PB4
Mcu.Pin114=PB5
Mcu.Pin115=PB6
Mcu.Pin116=PB7
Mcu.Pin117=PB8
Mcu.Pin118=PB9
Mcu.Pin119=PE0
Mcu.Pin12=PF0
Mcu.Pin120=PE1
Mcu.Pin121=PI4
Mcu.Pin122=PI5
Mcu.Pin123=PI6
Mcu.Pin124=PI7
Mcu.Pin125=VP_FATFS_VS_Generic
Mcu.Pin126=VP_SYS_VS_Systick
Mcu.Pin13=PF1
Mcu.Pin14=PF2
Mcu.Pin15=PF3
Mcu.Pin16=PF4
Mcu.Pin17=PF5
Mcu.Pin18=PF6
Mcu.Pin19=PF7
Mcu.Pin2=PE4
Mcu.Pin20=PF8
Mcu.Pin21=PF9
Mcu.Pin22=PF10
Mcu.Pin23=PH0/OSC_IN
Mcu.Pin24=PH1/OSC_OUT
Mcu.Pin25=PC0
Mcu.Pin26=PC1
Mcu.Pin27=PA0/WKUP
Mcu.Pin28=PA1
Mcu.Pin29=PA2
Mcu.Pin3=PE5
Mcu.Pin30=PH2
Mcu.Pin31=PH3
Mcu.Pin32=PH4
Mcu.Pin33=PH5
Mcu.Pin34=PA3
Mcu.Pin35=PA5
Mcu.Pin36=PA6
Mcu.Pin37=PA7
Mcu.Pin38=PC4
Mcu.Pin39=PC5
Mcu.Pin4=PE6
Mcu.Pin40=PB0
Mcu.Pin41=PB1
Mcu.Pin42=PF11
Mcu.Pin43=PF12
Mcu.Pin44=PF13
Mcu.Pin45=PF14
Mcu.Pin46=PF15
Mcu.Pin47=PG0
Mcu.Pin48=PG1
Mcu.Pin49=PE7
Mcu.Pin5=PI8
Mcu.Pin50=PE8
Mcu.Pin51=PE9
Mcu.Pin52=PE10
Mcu.Pin53=PE11
Mcu.Pin54=PE12
Mcu.Pin55=PE13
Mcu.Pin56=PE14
Mcu.Pin57=PE15
Mcu.Pin58=PB10
Mcu.Pin59=PB11
Mcu.Pin6=PC13
Mcu.Pin60=PH6
Mcu.Pin61=PH7
Mcu.Pin62=PH8
Mcu.Pin63=PH9
Mcu.Pin64=PH10
Mcu.Pin65=PH11
Mcu.Pin66=PH12
Mcu.Pin67=PB12
Mcu.Pin68=PB13
Mcu.Pin69=PB14
Mcu.Pin7=PC14/OSC32_IN
Mcu.Pin70=PB15
Mcu.Pin71=PD8
Mcu.Pin72=PD9
Mcu.Pin73=PD10
Mcu.Pin74=PD11
Mcu.Pin75=PD12
Mcu.Pin76=PD13
Mcu.Pin77=PD14
Mcu.Pin78=PD15
Mcu.Pin79=PG2
Mcu.Pin8=PC15/OSC32_OUT
Mcu.Pin80=PG3
Mcu.Pin81=PG4
Mcu.Pin82=PG5
Mcu.Pin83=PC6
Mcu.Pin84=PC7
Mcu.Pin85=PC8
Mcu.Pin86=PA13
Mcu.Pin87=PH13
Mcu.Pin88=PH14
Mcu.Pin89=PH15
Mcu.Pin9=PI9
Mcu.Pin90=PI1
Mcu.Pin91=PI2
Mcu.Pin92=PI3
Mcu.Pin93=PA14
Mcu.Pin94=PC10
Mcu.Pin95=PC11
Mcu.Pin96=PC12
Mcu.Pin97=PD0
Mcu.Pin98=PD1
Mcu.Pin99=PD2
Mcu.PinsNb=127
Mcu.ThirdPartyNb=0
Mcu.UserConstants=
Mcu.UserName=STM32F429IGTx
MxCube.Version=6.12.1
MxDb.Version=DB.6.0.121
NVIC.BusFault_IRQn=true\:0\:0\:false\:false\:true\:false\:false\:false
NVIC.CAN1_RX0_IRQn=true\:0\:0\:false\:false\:true\:true\:true\:true
NVIC.CAN1_RX1_IRQn=true\:0\:0\:false\:false\:true\:true\:true\:true
NVIC.DebugMonitor_IRQn=true\:0\:0\:false\:false\:true\:false\:false\:false
NVIC.ForceEnableDMAVector=true
NVIC.HardFault_IRQn=true\:0\:0\:false\:false\:true\:false\:false\:false
NVIC.MemoryManagement_IRQn=true\:0\:0\:false\:false\:true\:false\:false\:false
NVIC.NonMaskableInt_IRQn=true\:0\:0\:false\:false\:true\:false\:false\:false
NVIC.PendSV_IRQn=true\:0\:0\:false\:false\:true\:false\:false\:false
NVIC.PriorityGroup=NVIC_PRIORITYGROUP_4
NVIC.SVCall_IRQn=true\:0\:0\:false\:false\:true\:false\:false\:false
NVIC.SysTick_IRQn=true\:15\:0\:false\:false\:true\:false\:true\:false
NVIC.USART1_IRQn=true\:0\:0\:false\:false\:true\:true\:true\:true
NVIC.USART2_IRQn=true\:0\:0\:false\:false\:true\:true\:true\:true
NVIC.USART3_IRQn=true\:0\:0\:false\:false\:true\:true\:true\:true
NVIC.USART6_IRQn=true\:0\:0\:false\:false\:true\:true\:true\:true
NVIC.UsageFault_IRQn=true\:0\:0\:false\:false\:true\:false\:false\:false
PA0/WKUP.GPIOParameters=GPIO_Speed,PinState,GPIO_PuPd,GPIO_Label
PA0/WKUP.GPIO_Label=CELL12_TEMP_01_LED
PA0/WKUP.GPIO_PuPd=GPIO_PULLDOWN
PA0/WKUP.GPIO_Speed=GPIO_SPEED_FREQ_VERY_HIGH
PA0/WKUP.Locked=true
PA0/WKUP.PinState=GPIO_PIN_SET
PA0/WKUP.Signal=GPIO_Output
PA1.GPIOParameters=GPIO_Speed,PinState,GPIO_Label
PA1.GPIO_Label=USART2_ENABLE
PA1.GPIO_Speed=GPIO_SPEED_FREQ_HIGH
PA1.Locked=true
PA1.PinState=GPIO_PIN_RESET
PA1.Signal=GPIO_Output
PA13.Mode=Serial_Wire
PA13.Signal=SYS_JTMS-SWDIO
PA14.Mode=Serial_Wire
PA14.Signal=SYS_JTCK-SWCLK
PA2.Mode=Asynchronous
PA2.Signal=USART2_TX
PA3.Mode=Asynchronous
PA3.Signal=USART2_RX
PA5.Mode=Full_Duplex_Master
PA5.Signal=SPI1_SCK
PA6.Mode=Full_Duplex_Master
PA6.Signal=SPI1_MISO
PA7.Mode=Full_Duplex_Master
PA7.Signal=SPI1_MOSI
PB0.GPIOParameters=PinState,GPIO_Label
PB0.GPIO_Label=CELL11_CS_01
PB0.Locked=true
PB0.PinState=GPIO_PIN_SET
PB0.Signal=GPIO_Output
PB1.GPIOParameters=PinState,GPIO_Label
PB1.GPIO_Label=CELL11_CS_02
PB1.Locked=true
PB1.PinState=GPIO_PIN_SET
PB1.Signal=GPIO_Output
PB10.GPIOParameters=GPIO_Label
PB10.GPIO_Label=GPIO_11
PB10.Locked=true
PB10.Signal=GPIO_Output
PB11.GPIOParameters=GPIO_Speed,PinState,GPIO_PuPd,GPIO_Label
PB11.GPIO_Label=CELL11_TEMP_03_CS
PB11.GPIO_PuPd=GPIO_PULLUP
PB11.GPIO_Speed=GPIO_SPEED_FREQ_VERY_HIGH
PB11.Locked=true
PB11.PinState=GPIO_PIN_SET
PB11.Signal=GPIO_Output
PB12.Mode=CAN_Activate
PB12.Signal=CAN2_RX
PB13.Mode=CAN_Activate
PB13.Signal=CAN2_TX
PB14.GPIOParameters=GPIO_Label
PB14.GPIO_Label=GPIO_12
PB14.Locked=true
PB14.Signal=GPIO_Output
PB15.GPIOParameters=PinState,GPIO_Label
PB15.GPIO_Label=CS
PB15.Locked=true
PB15.PinState=GPIO_PIN_SET
PB15.Signal=GPIO_Output
PB3.GPIOParameters=GPIO_Label
PB3.GPIO_Label=LED_03
PB3.Locked=true
PB3.Signal=GPIO_Output
PB4.GPIOParameters=GPIO_Label
PB4.GPIO_Label=LED_07
PB4.Locked=true
PB4.Signal=GPIO_Output
PB5.GPIOParameters=GPIO_Label
PB5.GPIO_Label=USART1_ENABLE
PB5.Locked=true
PB5.Signal=GPIO_Output
PB6.Locked=true
PB6.Mode=Asynchronous
PB6.Signal=USART1_TX
PB7.Locked=true
PB7.Mode=Asynchronous
PB7.Signal=USART1_RX
PB8.Locked=true
PB8.Mode=I2C
PB8.Signal=I2C1_SCL
PB9.Locked=true
PB9.Mode=I2C
PB9.Signal=I2C1_SDA
PC0.GPIOParameters=GPIO_Speed,PinState,GPIO_PuPd,GPIO_Label
PC0.GPIO_Label=CELL12_TEMP_02_LED
PC0.GPIO_PuPd=GPIO_PULLDOWN
PC0.GPIO_Speed=GPIO_SPEED_FREQ_VERY_HIGH
PC0.Locked=true
PC0.PinState=GPIO_PIN_SET
PC0.Signal=GPIO_Output
PC1.GPIOParameters=GPIO_Speed,PinState,GPIO_PuPd,GPIO_Label
PC1.GPIO_Label=CELL12_TEMP_01_CS
PC1.GPIO_PuPd=GPIO_PULLUP
PC1.GPIO_Speed=GPIO_SPEED_FREQ_VERY_HIGH
PC1.Locked=true
PC1.PinState=GPIO_PIN_SET
PC1.Signal=GPIO_Output
PC10.Mode=Full_Duplex_Master
PC10.Signal=SPI3_SCK
PC11.Mode=Full_Duplex_Master
PC11.Signal=SPI3_MISO
PC12.Mode=Full_Duplex_Master
PC12.Signal=SPI3_MOSI
PC13.GPIOParameters=PinState,GPIO_Label
PC13.GPIO_Label=CELL12_CS_07
PC13.Locked=true
PC13.PinState=GPIO_PIN_SET
PC13.Signal=GPIO_Output
PC14/OSC32_IN.Mode=LSE-External-Oscillator
PC14/OSC32_IN.Signal=RCC_OSC32_IN
PC15/OSC32_OUT.Mode=LSE-External-Oscillator
PC15/OSC32_OUT.Signal=RCC_OSC32_OUT
PC4.GPIOParameters=PinState,GPIO_Label
PC4.GPIO_Label=SPI3_CS_03
PC4.Locked=true
PC4.PinState=GPIO_PIN_SET
PC4.Signal=GPIO_Output
PC5.GPIOParameters=PinState,GPIO_Label
PC5.GPIO_Label=SPI3_CS_02
PC5.Locked=true
PC5.PinState=GPIO_PIN_SET
PC5.Signal=GPIO_Output
PC6.Mode=Asynchronous
PC6.Signal=USART6_TX
PC7.Mode=Asynchronous
PC7.Signal=USART6_RX
PC8.GPIOParameters=GPIO_Label
PC8.GPIO_Label=USART6_ENABLE
PC8.Locked=true
PC8.Signal=GPIO_Output
PD0.Locked=true
PD0.Mode=CAN_Activate
PD0.Signal=CAN1_RX
PD1.Locked=true
PD1.Mode=CAN_Activate
PD1.Signal=CAN1_TX
PD10.GPIOParameters=PinState,GPIO_Label
PD10.GPIO_Label=CS1
PD10.Locked=true
PD10.PinState=GPIO_PIN_SET
PD10.Signal=GPIO_Output
PD11.GPIOParameters=GPIO_Label
PD11.GPIO_Label=USART3_ENABLE
PD11.Locked=true
PD11.Signal=GPIO_Output
PD12.GPIOParameters=GPIO_Label
PD12.GPIO_Label=PUSH_BUTTON_01
PD12.Locked=true
PD12.Signal=GPXTI12
PD13.GPIOParameters=GPIO_Label
PD13.GPIO_Label=PUSH_BUTTON_02
PD13.Locked=true
PD13.Signal=GPXTI13
PD14.GPIOParameters=GPIO_Label
PD14.GPIO_Label=PUSH_BUTTON_03
PD14.Locked=true
PD14.Signal=GPXTI14
PD15.GPIOParameters=GPIO_Label
PD15.GPIO_Label=PUSH_BUTTON_04
PD15.Locked=true
PD15.Signal=GPXTI15
PD2.GPIOParameters=GPIO_Label
PD2.GPIO_Label=DISPLAY_CS
PD2.Locked=true
PD2.Signal=GPIO_Output
PD3.GPIOParameters=GPIO_Label
PD3.GPIO_Label=SPI5_CS_02
PD3.Locked=true
PD3.Signal=GPIO_Output
PD4.GPIOParameters=GPIO_Label
PD4.GPIO_Label=DIP_SWITCH_01
PD4.Locked=true
PD4.Signal=GPIO_Output
PD5.GPIOParameters=GPIO_Label
PD5.GPIO_Label=DIP_SWITCH_02
PD5.Locked=true
PD5.Signal=GPIO_Input
PD6.GPIOParameters=GPIO_Label
PD6.GPIO_Label=DIP_SWITCH_03
PD6.Locked=true
PD6.Signal=GPIO_Input
PD7.GPIOParameters=GPIO_Label
PD7.GPIO_Label=DIP_SWITCH_04
PD7.Locked=true
PD7.Signal=GPIO_Input
PD8.Locked=true
PD8.Mode=Asynchronous
PD8.Signal=USART3_TX
PD9.Mode=Asynchronous
PD9.Signal=USART3_RX
PE0.GPIOParameters=GPIO_Label
PE0.GPIO_Label=LED_06
PE0.Locked=true
PE0.Signal=GPIO_Output
PE1.GPIOParameters=GPIO_Label
PE1.GPIO_Label=LED_05
PE1.Locked=true
PE1.Signal=GPIO_Output
PE10.GPIOParameters=PinState,GPIO_Label
PE10.GPIO_Label=CSU_11_CELLS
PE10.Locked=true
PE10.PinState=GPIO_PIN_SET
PE10.Signal=GPIO_Output
PE11.GPIOParameters=GPIO_Label
PE11.GPIO_Label=GPIO_09
PE11.Locked=true
PE11.Signal=GPIO_Output
PE12.Mode=Full_Duplex_Master
PE12.Signal=SPI4_SCK
PE13.GPIOParameters=GPIO_PuPd
PE13.GPIO_PuPd=GPIO_PULLUP
PE13.Mode=Full_Duplex_Master
PE13.Signal=SPI4_MISO
PE14.Mode=Full_Duplex_Master
PE14.Signal=SPI4_MOSI
PE15.GPIOParameters=GPIO_Label
PE15.GPIO_Label=GPIO_10
PE15.Locked=true
PE15.Signal=GPIO_Output
PE2.GPIOParameters=PinState,GPIO_Label
PE2.GPIO_Label=CELL12_CS_01
PE2.Locked=true
PE2.PinState=GPIO_PIN_SET
PE2.Signal=GPIO_Output
PE3.GPIOParameters=PinState,GPIO_Label
PE3.GPIO_Label=CELL12_CS_02
PE3.Locked=true
PE3.PinState=GPIO_PIN_SET
PE3.Signal=GPIO_Output
PE4.GPIOParameters=PinState,GPIO_Label
PE4.GPIO_Label=CELL12_CS_03
PE4.Locked=true
PE4.PinState=GPIO_PIN_SET
PE4.Signal=GPIO_Output
PE5.GPIOParameters=PinState,GPIO_Label
PE5.GPIO_Label=CELL12_CS_04
PE5.Locked=true
PE5.PinState=GPIO_PIN_SET
PE5.Signal=GPIO_Output
PE6.GPIOParameters=PinState,GPIO_Label
PE6.GPIO_Label=CELL12_CS_05
PE6.Locked=true
PE6.PinState=GPIO_PIN_SET
PE6.Signal=GPIO_Output
PE7.GPIOParameters=PinState,GPIO_Label
PE7.GPIO_Label=CELL11_CS_10
PE7.Locked=true
PE7.PinState=GPIO_PIN_SET
PE7.Signal=GPIO_Output
PE8.GPIOParameters=PinState,GPIO_Label
PE8.GPIO_Label=CELL11_CS_11
PE8.Locked=true
PE8.PinState=GPIO_PIN_SET
PE8.Signal=GPIO_Output
PE9.GPIOParameters=PinState,GPIO_Label
PE9.GPIO_Label=CELL11_CS_12
PE9.Locked=true
PE9.PinState=GPIO_PIN_SET
PE9.Signal=GPIO_Output
PF0.GPIOParameters=PinState,GPIO_Label
PF0.GPIO_Label=CELL12_CS_11
PF0.Locked=true
PF0.PinState=GPIO_PIN_SET
PF0.Signal=GPIO_Output
PF1.GPIOParameters=PinState,GPIO_Label
PF1.GPIO_Label=CELL12_CS_12
PF1.Locked=true
PF1.PinState=GPIO_PIN_SET
PF1.Signal=GPIO_Output
PF10.GPIOParameters=GPIO_Speed,PinState,GPIO_PuPd,GPIO_Label
PF10.GPIO_Label=CELL12_TEMP_02_CS
PF10.GPIO_PuPd=GPIO_PULLUP
PF10.GPIO_Speed=GPIO_SPEED_FREQ_VERY_HIGH
PF10.Locked=true
PF10.PinState=GPIO_PIN_SET
PF10.Signal=GPIO_Output
PF11.GPIOParameters=PinState,GPIO_Label
PF11.GPIO_Label=CELL11_CS_03
PF11.Locked=true
PF11.PinState=GPIO_PIN_SET
PF11.Signal=GPIO_Output
PF12.GPIOParameters=PinState,GPIO_Label
PF12.GPIO_Label=CELL11_CS_04
PF12.Locked=true
PF12.PinState=GPIO_PIN_SET
PF12.Signal=GPIO_Output
PF13.GPIOParameters=PinState,GPIO_Label
PF13.GPIO_Label=CELL11_CS_05
PF13.Locked=true
PF13.PinState=GPIO_PIN_SET
PF13.Signal=GPIO_Output
PF14.GPIOParameters=PinState,GPIO_Label
PF14.GPIO_Label=CELL11_CS_06
PF14.Locked=true
PF14.PinState=GPIO_PIN_SET
PF14.Signal=GPIO_Output
PF15.GPIOParameters=PinState,GPIO_Label
PF15.GPIO_Label=CELL11_CS_07
PF15.Locked=true
PF15.PinState=GPIO_PIN_SET
PF15.Signal=GPIO_Output
PF2.GPIOParameters=GPIO_Speed,PinState,GPIO_Label
PF2.GPIO_Label=CSU_12_CELLS
PF2.GPIO_Speed=GPIO_SPEED_FREQ_HIGH
PF2.Locked=true
PF2.PinState=GPIO_PIN_SET
PF2.Signal=GPIO_Output
PF3.GPIOParameters=GPIO_Label
PF3.GPIO_Label=GPIO_02
PF3.Locked=true
PF3.Signal=GPIO_Output
PF4.GPIOParameters=GPIO_Label
PF4.GPIO_Label=GPIO_03
PF4.Locked=true
PF4.Signal=GPIO_Output
PF5.GPIOParameters=GPIO_Label
PF5.GPIO_Label=GPIO_04
PF5.Locked=true
PF5.Signal=GPIO_Output
PF6.GPIOParameters=GPIO_Speed,PinState,GPIO_PuPd,GPIO_Label
PF6.GPIO_Label=CELL12_TEMP_03_CS
PF6.GPIO_PuPd=GPIO_PULLUP
PF6.GPIO_Speed=GPIO_SPEED_FREQ_VERY_HIGH
PF6.Locked=true
PF6.PinState=GPIO_PIN_SET
PF6.Signal=GPIO_Output
PF7.GPIOParameters=GPIO_Label
PF7.GPIO_Label=GPIO_05
PF7.Locked=true
PF7.Signal=GPIO_Output
PF8.GPIOParameters=GPIO_Speed,PinState,GPIO_PuPd,GPIO_Label
PF8.GPIO_Label=CELL12_TEMP_03_LED
PF8.GPIO_PuPd=GPIO_PULLDOWN
PF8.GPIO_Speed=GPIO_SPEED_FREQ_VERY_HIGH
PF8.Locked=true
PF8.PinState=GPIO_PIN_SET
PF8.Signal=GPIO_Output
PF9.GPIOParameters=GPIO_Label
PF9.GPIO_Label=GPIO_06
PF9.Locked=true
PF9.Signal=GPIO_Output
PG0.GPIOParameters=PinState,GPIO_Label
PG0.GPIO_Label=CELL11_CS_08
PG0.Locked=true
PG0.PinState=GPIO_PIN_SET
PG0.Signal=GPIO_Output
PG1.GPIOParameters=PinState,GPIO_Label
PG1.GPIO_Label=CELL11_CS_09
PG1.Locked=true
PG1.PinState=GPIO_PIN_SET
PG1.Signal=GPIO_Output
PG10.GPIOParameters=GPIO_Label
PG10.GPIO_Label=DIP_SWITCH_MODE_02
PG10.Locked=true
PG10.Signal=GPIO_Input
PG11.GPIOParameters=GPIO_Label
PG11.GPIO_Label=DIP_SWITCH_MODE_03
PG11.Locked=true
PG11.Signal=GPIO_Input
PG12.GPIOParameters=GPIO_Label
PG12.GPIO_Label=DIP_SWITCH_MODE_04
PG12.Locked=true
PG12.Signal=GPIO_Input
PG13.GPIOParameters=GPIO_Label
PG13.GPIO_Label=LED_09
PG13.Locked=true
PG13.Signal=GPIO_Output
PG14.GPIOParameters=GPIO_Label
PG14.GPIO_Label=LED_04
PG14.Locked=true
PG14.Signal=GPIO_Output
PG15.GPIOParameters=GPIO_Label
PG15.GPIO_Label=LED_08
PG15.Locked=true
PG15.Signal=GPIO_Output
PG2.GPIOParameters=GPIO_Label
PG2.GPIO_Label=DISPLAY_IO_1
PG2.Locked=true
PG2.Signal=GPIO_Output
PG3.GPIOParameters=GPIO_Label
PG3.GPIO_Label=DISPLAY_IO_2
PG3.Locked=true
PG3.Signal=GPIO_Output
PG4.GPIOParameters=GPIO_Label
PG4.GPIO_Label=BACKLIGHT_1
PG4.Locked=true
PG4.Signal=GPIO_Output
PG5.GPIOParameters=GPIO_Label
PG5.GPIO_Label=BACKLIGHT_2
PG5.Locked=true
PG5.Signal=GPIO_Output
PG9.GPIOParameters=GPIO_Label
PG9.GPIO_Label=DIP_SWITCH_MODE_01
PG9.Locked=true
PG9.Signal=GPIO_Input
PH0/OSC_IN.Mode=HSE-External-Oscillator
PH0/OSC_IN.Signal=RCC_OSC_IN
PH1/OSC_OUT.Mode=HSE-External-Oscillator
PH1/OSC_OUT.Signal=RCC_OSC_OUT
PH10.GPIOParameters=GPIO_Speed,PinState,GPIO_PuPd,GPIO_Label
PH10.GPIO_Label=CELL11_TEMP_02_LED
PH10.GPIO_PuPd=GPIO_PULLDOWN
PH10.GPIO_Speed=GPIO_SPEED_FREQ_VERY_HIGH
PH10.Locked=true
PH10.PinState=GPIO_PIN_SET
PH10.Signal=GPIO_Output
PH11.GPIOParameters=GPIO_Speed,PinState,GPIO_PuPd,GPIO_Label
PH11.GPIO_Label=CELL11_TEMP_01_CS
PH11.GPIO_PuPd=GPIO_PULLUP
PH11.GPIO_Speed=GPIO_SPEED_FREQ_VERY_HIGH
PH11.Locked=true
PH11.PinState=GPIO_PIN_SET
PH11.Signal=GPIO_Output
PH12.GPIOParameters=GPIO_Speed,PinState,GPIO_PuPd,GPIO_Label
PH12.GPIO_Label=CELL11_TEMP_01_LED
PH12.GPIO_PuPd=GPIO_PULLDOWN
PH12.GPIO_Speed=GPIO_SPEED_FREQ_VERY_HIGH
PH12.Locked=true
PH12.PinState=GPIO_PIN_SET
PH12.Signal=GPIO_Output
PH13.GPIOParameters=GPIO_PuPd,GPIO_Label
PH13.GPIO_Label=CD
PH13.GPIO_PuPd=GPIO_PULLUP
PH13.Locked=true
PH13.Signal=GPIO_Input
PH14.GPIOParameters=GPIO_Label
PH14.GPIO_Label=LED_01
PH14.Locked=true
PH14.Signal=GPIO_Output
PH15.GPIOParameters=GPIO_Label
PH15.GPIO_Label=LED_02
PH15.Locked=true
PH15.Signal=GPIO_Output
PH2.GPIOParameters=GPIO_Label
PH2.GPIO_Label=GPIO_14
PH2.Locked=true
PH2.Signal=GPIO_Output
PH3.GPIOParameters=GPIO_Label
PH3.GPIO_Label=GPIO_07
PH3.Locked=true
PH3.Signal=GPIO_Output
PH4.Locked=true
PH4.Mode=I2C
PH4.Signal=I2C2_SCL
PH5.Locked=true
PH5.Mode=I2C
PH5.Signal=I2C2_SDA
PH6.GPIOParameters=GPIO_Speed,PinState,GPIO_PuPd,GPIO_Label
PH6.GPIO_Label=CELL11_TEMP_03_LED
PH6.GPIO_PuPd=GPIO_PULLDOWN
PH6.GPIO_Speed=GPIO_SPEED_FREQ_VERY_HIGH
PH6.Locked=true
PH6.PinState=GPIO_PIN_SET
PH6.Signal=GPIO_Output
PH7.Mode=I2C
PH7.Signal=I2C3_SCL
PH8.Mode=I2C
PH8.Signal=I2C3_SDA
PH9.GPIOParameters=GPIO_Speed,PinState,GPIO_PuPd,GPIO_Label
PH9.GPIO_Label=CELL11_TEMP_02_CS
PH9.GPIO_PuPd=GPIO_PULLUP
PH9.GPIO_Speed=GPIO_SPEED_FREQ_VERY_HIGH
PH9.Locked=true
PH9.PinState=GPIO_PIN_SET
PH9.Signal=GPIO_Output
PI1.Locked=true
PI1.Mode=Full_Duplex_Master
PI1.Signal=SPI2_SCK
PI10.GPIOParameters=GPIO_Label
PI10.GPIO_Label=CELL12_CS_09
PI10.Locked=true
PI10.Signal=GPIO_Output
PI11.GPIOParameters=GPIO_Label
PI11.GPIO_Label=CELL12_CS_10
PI11.Locked=true
PI11.Signal=GPIO_Output
PI2.Locked=true
PI2.Mode=Full_Duplex_Master
PI2.Signal=SPI2_MISO
PI3.Locked=true
PI3.Mode=Full_Duplex_Master
PI3.Signal=SPI2_MOSI
PI4.GPIOParameters=GPIO_Label
PI4.GPIO_Label=LED_DC_Y
PI4.Locked=true
PI4.Signal=GPIO_Output
PI5.GPIOParameters=GPIO_Label
PI5.GPIO_Label=LED_DC_G
PI5.Locked=true
PI5.Signal=GPIO_Output
PI6.GPIOParameters=GPIO_Label
PI6.GPIO_Label=LED_PC_Y
PI6.Locked=true
PI6.Signal=GPIO_Output
PI7.GPIOParameters=GPIO_Label
PI7.GPIO_Label=LED_PC_G
PI7.Locked=true
PI7.Signal=GPIO_Output
PI8.GPIOParameters=PinState,GPIO_Label
PI8.GPIO_Label=CELL12_CS_06
PI8.Locked=true
PI8.PinState=GPIO_PIN_SET
PI8.Signal=GPIO_Output
PI9.GPIOParameters=PinState,GPIO_Label
PI9.GPIO_Label=CELL12_CS_08
PI9.Locked=true
PI9.PinState=GPIO_PIN_SET
PI9.Signal=GPIO_Output
PinOutPanel.RotationAngle=0
ProjectManager.AskForMigrate=true
ProjectManager.BackupPrevious=false
ProjectManager.CompilerOptimize=6
ProjectManager.ComputerToolchain=false
ProjectManager.CoupleFile=false
ProjectManager.CustomerFirmwarePackage=
ProjectManager.DefaultFWLocation=true
ProjectManager.DeletePrevious=true
ProjectManager.DeviceId=STM32F429IGTx
ProjectManager.FirmwarePackage=STM32Cube FW_F4 V1.28.1
ProjectManager.FreePins=false
ProjectManager.HalAssertFull=false
ProjectManager.HeapSize=0x200
ProjectManager.KeepUserCode=true
ProjectManager.LastFirmware=true
ProjectManager.LibraryCopy=1
ProjectManager.MainLocation=Core/Src
ProjectManager.NoMain=false
ProjectManager.PreviousToolchain=
ProjectManager.ProjectBuild=false
ProjectManager.ProjectFileName=BMS Tester - Cell Emulator.ioc
ProjectManager.ProjectName=BMS Tester - Cell Emulator
ProjectManager.ProjectStructure=
ProjectManager.RegisterCallBack=
ProjectManager.StackSize=0x400
ProjectManager.TargetToolchain=STM32CubeIDE
ProjectManager.ToolChainLocation=
ProjectManager.UAScriptAfterPath=
ProjectManager.UAScriptBeforePath=
ProjectManager.UnderRoot=true
ProjectManager.functionlistsort=1-SystemClock_Config-RCC-false-HAL-false,2-MX_GPIO_Init-GPIO-false-HAL-true,3-MX_SPI1_Init-SPI1-false-HAL-true,4-MX_SPI2_Init-SPI2-false-HAL-true,5-MX_I2C2_Init-I2C2-false-HAL-true,6-MX_I2C3_Init-I2C3-false-HAL-true,7-MX_SPI3_Init-SPI3-false-HAL-true,8-MX_SPI4_Init-SPI4-false-HAL-true,9-MX_CAN1_Init-CAN1-false-HAL-true,10-MX_CAN2_Init-CAN2-false-HAL-true,11-MX_I2C1_Init-I2C1-false-HAL-true,12-MX_USART1_UART_Init-USART1-false-HAL-true,13-MX_USART2_UART_Init-USART2-false-HAL-true,14-MX_USART3_UART_Init-USART3-false-HAL-true,15-MX_USART6_UART_Init-USART6-false-HAL-true,16-MX_FATFS_Init-FATFS-false-HAL-false
RCC.48MHZClocksFreq_Value=30720000
RCC.AHBFreq_Value=76800000
RCC.APB1CLKDivider=RCC_HCLK_DIV4
RCC.APB1Freq_Value=19200000
RCC.APB1TimFreq_Value=38400000
RCC.APB2CLKDivider=RCC_HCLK_DIV2
RCC.APB2Freq_Value=38400000
RCC.APB2TimFreq_Value=76800000
RCC.CortexFreq_Value=76800000
RCC.EthernetFreq_Value=76800000
RCC.FCLKCortexFreq_Value=76800000
RCC.FamilyName=M
RCC.HCLKFreq_Value=76800000
RCC.HSE_VALUE=25000000
RCC.HSI_VALUE=16000000
RCC.I2SClocksFreq_Value=102400000
RCC.IPParameters=48MHZClocksFreq_Value,AHBFreq_Value,APB1CLKDivider,APB1Freq_Value,APB1TimFreq_Value,APB2CLKDivider,APB2Freq_Value,APB2TimFreq_Value,CortexFreq_Value,EthernetFreq_Value,FCLKCortexFreq_Value,FamilyName,HCLKFreq_Value,HSE_VALUE,HSI_VALUE,I2SClocksFreq_Value,LCDTFTFreq_Value,LSI_VALUE,MCO2PinFreq_Value,PLLCLKFreq_Value,PLLM,PLLN,PLLQ,PLLQCLKFreq_Value,RTCFreq_Value,RTCHSEDivFreq_Value,SAI_AClocksFreq_Value,SAI_BClocksFreq_Value,SYSCLKFreq_VALUE,SYSCLKSource,VCOI2SOutputFreq_Value,VCOInputFreq_Value,VCOOutputFreq_Value,VCOSAIOutputFreq_Value,VCOSAIOutputFreq_ValueQ,VCOSAIOutputFreq_ValueR,VcooutputI2S,VcooutputI2SQ
RCC.LCDTFTFreq_Value=13066666.666666668
RCC.LSI_VALUE=32000
RCC.MCO2PinFreq_Value=76800000
RCC.PLLCLKFreq_Value=76800000
RCC.PLLM=15
RCC.PLLN=144
RCC.PLLQ=5
RCC.PLLQCLKFreq_Value=30720000
RCC.RTCFreq_Value=32000
RCC.RTCHSEDivFreq_Value=12500000
RCC.SAI_AClocksFreq_Value=13066666.666666668
RCC.SAI_BClocksFreq_Value=13066666.666666668
RCC.SYSCLKFreq_VALUE=76800000
RCC.SYSCLKSource=RCC_SYSCLKSOURCE_PLLCLK
RCC.VCOI2SOutputFreq_Value=204800000
RCC.VCOInputFreq_Value=1066666.6666666667
RCC.VCOOutputFreq_Value=153600000
RCC.VCOSAIOutputFreq_Value=52266666.66666667
RCC.VCOSAIOutputFreq_ValueQ=13066666.666666668
RCC.VCOSAIOutputFreq_ValueR=26133333.333333336
RCC.VcooutputI2S=102400000
RCC.VcooutputI2SQ=102400000
SH.GPXTI12.0=GPIO_EXTI12
SH.GPXTI12.ConfNb=1
SH.GPXTI13.0=GPIO_EXTI13
SH.GPXTI13.ConfNb=1
SH.GPXTI14.0=GPIO_EXTI14
SH.GPXTI14.ConfNb=1
SH.GPXTI15.0=GPIO_EXTI15
SH.GPXTI15.ConfNb=1
SPI1.BaudRatePrescaler=SPI_BAUDRATEPRESCALER_64
SPI1.CLKPhase=SPI_PHASE_2EDGE
SPI1.CRCCalculation=SPI_CRCCALCULATION_DISABLE
SPI1.CalculateBaudRate=600.0 KBits/s
SPI1.Direction=SPI_DIRECTION_2LINES
SPI1.IPParameters=VirtualType,Mode,Direction,CalculateBaudRate,BaudRatePrescaler,CLKPhase,CRCCalculation
SPI1.Mode=SPI_MODE_MASTER
SPI1.VirtualType=VM_MASTER
SPI2.BaudRatePrescaler=SPI_BAUDRATEPRESCALER_16
SPI2.CLKPhase=SPI_PHASE_2EDGE
SPI2.CalculateBaudRate=1.2 MBits/s
SPI2.Direction=SPI_DIRECTION_2LINES
SPI2.IPParameters=VirtualType,Mode,Direction,CalculateBaudRate,BaudRatePrescaler,CLKPhase
SPI2.Mode=SPI_MODE_MASTER
SPI2.VirtualType=VM_MASTER
SPI3.BaudRatePrescaler=SPI_BAUDRATEPRESCALER_32
SPI3.CalculateBaudRate=600.0 KBits/s
SPI3.Direction=SPI_DIRECTION_2LINES
SPI3.IPParameters=VirtualType,Mode,Direction,CalculateBaudRate,BaudRatePrescaler
SPI3.Mode=SPI_MODE_MASTER
SPI3.VirtualType=VM_MASTER
SPI4.BaudRatePrescaler=SPI_BAUDRATEPRESCALER_128
SPI4.CalculateBaudRate=300.0 KBits/s
SPI4.Direction=SPI_DIRECTION_2LINES
SPI4.IPParameters=VirtualType,Mode,Direction,CalculateBaudRate,BaudRatePrescaler
SPI4.Mode=SPI_MODE_MASTER
SPI4.VirtualType=VM_MASTER
USART1.IPParameters=VirtualMode
USART1.VirtualMode=VM_ASYNC
USART2.IPParameters=VirtualMode
USART2.VirtualMode=VM_ASYNC
USART3.IPParameters=VirtualMode
USART3.VirtualMode=VM_ASYNC
USART6.IPParameters=VirtualMode
USART6.VirtualMode=VM_ASYNC
VP_FATFS_VS_Generic.Mode=User_defined
VP_FATFS_VS_Generic.Signal=FATFS_VS_Generic
VP_SYS_VS_Systick.Mode=SysTick
VP_SYS_VS_Systick.Signal=SYS_VS_Systick
board=custom
isbadioc=false
